
Microsoft Visual Studio Solution File, Format Version 12.00
# Visual Studio Version 17
VisualStudioVersion = 17.10.35013.160
MinimumVisualStudioVersion = 10.0.40219.1
Project("{FAE04EC0-301F-11D3-BF4B-00C04F79EFBC}") = "majestico_employee", "majestico_employee\majestico_employee.csproj", "{AA785B01-2C82-43B7-A40C-6DCA55BA6F9D}"
EndProject
Global
	GlobalSection(SolutionConfigurationPlatforms) = preSolution
		Debug|Any CPU = Debug|Any CPU
		Release|Any CPU = Release|Any CPU
	EndGlobalSection
	GlobalSection(ProjectConfigurationPlatforms) = postSolution
		{AA785B01-2C82-43B7-A40C-6DCA55BA6F9D}.Debug|Any CPU.ActiveCfg = Debug|Any CPU
		{AA785B01-2C82-43B7-A40C-6DCA55BA6F9D}.Debug|Any CPU.Build.0 = Debug|Any CPU
		{AA785B01-2C82-43B7-A40C-6DCA55BA6F9D}.Release|Any CPU.ActiveCfg = Release|Any CPU
		{AA785B01-2C82-43B7-A40C-6DCA55BA6F9D}.Release|Any CPU.Build.0 = Release|Any CPU
	EndGlobalSection
	GlobalSection(SolutionProperties) = preSolution
		HideSolutionNode = FALSE
	EndGlobalSection
	GlobalSection(ExtensibilityGlobals) = postSolution
		SolutionGuid = {DBB04DE8-B979-46C3-B246-0EC913EAFD88}
	EndGlobalSection
EndGlobal
